// !$*UTF8*$!
{
	archiveVersion = 1;
	classes = {
	};
	objectVersion = 46;
	objects = {

/* Begin PBXBuildFile section */
		3111301C18A83219000527AF /* DRFormTextCell.m in Sources */ = {isa = PBXBuildFile; fileRef = 3111301B18A83219000527AF /* DRFormTextCell.m */; };
		312F081818A7E7F8002FE5DD /* DRFormsFirstViewController.m in Sources */ = {isa = PBXBuildFile; fileRef = 312F081718A7E7F8002FE5DD /* DRFormsFirstViewController.m */; };
		312F081E18A7EB0A002FE5DD /* DRFormDataModel.m in Sources */ = {isa = PBXBuildFile; fileRef = 312F081D18A7EB0A002FE5DD /* DRFormDataModel.m */; };
		312F082118A80197002FE5DD /* DRFormDetailCell.m in Sources */ = {isa = PBXBuildFile; fileRef = 312F082018A80197002FE5DD /* DRFormDetailCell.m */; };
		312F082718A807A5002FE5DD /* DRFormsFruitsViewController.m in Sources */ = {isa = PBXBuildFile; fileRef = 312F082618A807A5002FE5DD /* DRFormsFruitsViewController.m */; };
		318BCFF018A7D8850029C404 /* Foundation.framework in Frameworks */ = {isa = PBXBuildFile; fileRef = 318BCFEF18A7D8850029C404 /* Foundation.framework */; };
		318BCFF218A7D8860029C404 /* CoreGraphics.framework in Frameworks */ = {isa = PBXBuildFile; fileRef = 318BCFF118A7D8860029C404 /* CoreGraphics.framework */; };
		318BCFF418A7D8860029C404 /* UIKit.framework in Frameworks */ = {isa = PBXBuildFile; fileRef = 318BCFF318A7D8860029C404 /* UIKit.framework */; };
		318BCFFA18A7D8860029C404 /* InfoPlist.strings in Resources */ = {isa = PBXBuildFile; fileRef = 318BCFF818A7D8860029C404 /* InfoPlist.strings */; };
		318BCFFC18A7D8860029C404 /* main.m in Sources */ = {isa = PBXBuildFile; fileRef = 318BCFFB18A7D8860029C404 /* main.m */; };
		318BD00018A7D8860029C404 /* DRAppDelegate.m in Sources */ = {isa = PBXBuildFile; fileRef = 318BCFFF18A7D8860029C404 /* DRAppDelegate.m */; };
		318BD00618A7D8860029C404 /* DRViewController.m in Sources */ = {isa = PBXBuildFile; fileRef = 318BD00518A7D8860029C404 /* DRViewController.m */; };
		318BD00818A7D8860029C404 /* Images.xcassets in Resources */ = {isa = PBXBuildFile; fileRef = 318BD00718A7D8860029C404 /* Images.xcassets */; };
		318BD02718A7D9B50029C404 /* MainStoryboard.storyboard in Resources */ = {isa = PBXBuildFile; fileRef = 318BD02618A7D9B50029C404 /* MainStoryboard.storyboard */; };
		319C592418A7DC6700126CD1 /* DRNavigationController.m in Sources */ = {isa = PBXBuildFile; fileRef = 319C592318A7DC6700126CD1 /* DRNavigationController.m */; };
		319C592C18A7DE1D00126CD1 /* DRFormViewController.m in Sources */ = {isa = PBXBuildFile; fileRef = 319C592B18A7DE1D00126CD1 /* DRFormViewController.m */; };
		319C592F18A7DF8F00126CD1 /* DRFormCell.m in Sources */ = {isa = PBXBuildFile; fileRef = 319C592E18A7DF8F00126CD1 /* DRFormCell.m */; };
		319C593218A7E0D000126CD1 /* DRFormSelectCell.m in Sources */ = {isa = PBXBuildFile; fileRef = 319C593118A7E0D000126CD1 /* DRFormSelectCell.m */; };
/* End PBXBuildFile section */

/* Begin PBXFileReference section */
		3111301A18A83219000527AF /* DRFormTextCell.h */ = {isa = PBXFileReference; fileEncoding = 4; lastKnownFileType = sourcecode.c.h; path = DRFormTextCell.h; sourceTree = "<group>"; };
		3111301B18A83219000527AF /* DRFormTextCell.m */ = {isa = PBXFileReference; fileEncoding = 4; lastKnownFileType = sourcecode.c.objc; path = DRFormTextCell.m; sourceTree = "<group>"; };
		312F081618A7E7F8002FE5DD /* DRFormsFirstViewController.h */ = {isa = PBXFileReference; fileEncoding = 4; lastKnownFileType = sourcecode.c.h; path = DRFormsFirstViewController.h; sourceTree = "<group>"; };
		312F081718A7E7F8002FE5DD /* DRFormsFirstViewController.m */ = {isa = PBXFileReference; fileEncoding = 4; lastKnownFileType = sourcecode.c.objc; path = DRFormsFirstViewController.m; sourceTree = "<group>"; };
		312F081C18A7EB0A002FE5DD /* DRFormDataModel.h */ = {isa = PBXFileReference; fileEncoding = 4; lastKnownFileType = sourcecode.c.h; path = DRFormDataModel.h; sourceTree = "<group>"; };
		312F081D18A7EB0A002FE5DD /* DRFormDataModel.m */ = {isa = PBXFileReference; fileEncoding = 4; lastKnownFileType = sourcecode.c.objc; path = DRFormDataModel.m; sourceTree = "<group>"; };
		312F081F18A80197002FE5DD /* DRFormDetailCell.h */ = {isa = PBXFileReference; fileEncoding = 4; lastKnownFileType = sourcecode.c.h; path = DRFormDetailCell.h; sourceTree = "<group>"; };
		312F082018A80197002FE5DD /* DRFormDetailCell.m */ = {isa = PBXFileReference; fileEncoding = 4; lastKnownFileType = sourcecode.c.objc; path = DRFormDetailCell.m; sourceTree = "<group>"; };
		312F082518A807A5002FE5DD /* DRFormsFruitsViewController.h */ = {isa = PBXFileReference; fileEncoding = 4; lastKnownFileType = sourcecode.c.h; path = DRFormsFruitsViewController.h; sourceTree = "<group>"; };
		312F082618A807A5002FE5DD /* DRFormsFruitsViewController.m */ = {isa = PBXFileReference; fileEncoding = 4; lastKnownFileType = sourcecode.c.objc; path = DRFormsFruitsViewController.m; sourceTree = "<group>"; };
		318BCFEC18A7D8850029C404 /* DRFormsDemo.app */ = {isa = PBXFileReference; explicitFileType = wrapper.application; includeInIndex = 0; path = DRFormsDemo.app; sourceTree = BUILT_PRODUCTS_DIR; };
		318BCFEF18A7D8850029C404 /* Foundation.framework */ = {isa = PBXFileReference; lastKnownFileType = wrapper.framework; name = Foundation.framework; path = System/Library/Frameworks/Foundation.framework; sourceTree = SDKROOT; };
		318BCFF118A7D8860029C404 /* CoreGraphics.framework */ = {isa = PBXFileReference; lastKnownFileType = wrapper.framework; name = CoreGraphics.framework; path = System/Library/Frameworks/CoreGraphics.framework; sourceTree = SDKROOT; };
		318BCFF318A7D8860029C404 /* UIKit.framework */ = {isa = PBXFileReference; lastKnownFileType = wrapper.framework; name = UIKit.framework; path = System/Library/Frameworks/UIKit.framework; sourceTree = SDKROOT; };
		318BCFF718A7D8860029C404 /* DRFormsDemo-Info.plist */ = {isa = PBXFileReference; lastKnownFileType = text.plist.xml; path = "DRFormsDemo-Info.plist"; sourceTree = "<group>"; };
		318BCFF918A7D8860029C404 /* en */ = {isa = PBXFileReference; lastKnownFileType = text.plist.strings; name = en; path = en.lproj/InfoPlist.strings; sourceTree = "<group>"; };
		318BCFFB18A7D8860029C404 /* main.m */ = {isa = PBXFileReference; lastKnownFileType = sourcecode.c.objc; path = main.m; sourceTree = "<group>"; };
		318BCFFD18A7D8860029C404 /* DRFormsDemo-Prefix.pch */ = {isa = PBXFileReference; lastKnownFileType = sourcecode.c.h; path = "DRFormsDemo-Prefix.pch"; sourceTree = "<group>"; };
		318BCFFE18A7D8860029C404 /* DRAppDelegate.h */ = {isa = PBXFileReference; lastKnownFileType = sourcecode.c.h; path = DRAppDelegate.h; sourceTree = "<group>"; };
		318BCFFF18A7D8860029C404 /* DRAppDelegate.m */ = {isa = PBXFileReference; lastKnownFileType = sourcecode.c.objc; path = DRAppDelegate.m; sourceTree = "<group>"; };
		318BD00418A7D8860029C404 /* DRViewController.h */ = {isa = PBXFileReference; lastKnownFileType = sourcecode.c.h; path = DRViewController.h; sourceTree = "<group>"; };
		318BD00518A7D8860029C404 /* DRViewController.m */ = {isa = PBXFileReference; lastKnownFileType = sourcecode.c.objc; path = DRViewController.m; sourceTree = "<group>"; };
		318BD00718A7D8860029C404 /* Images.xcassets */ = {isa = PBXFileReference; lastKnownFileType = folder.assetcatalog; path = Images.xcassets; sourceTree = "<group>"; };
		318BD00E18A7D8860029C404 /* XCTest.framework */ = {isa = PBXFileReference; lastKnownFileType = wrapper.framework; name = XCTest.framework; path = Library/Frameworks/XCTest.framework; sourceTree = DEVELOPER_DIR; };
		318BD02618A7D9B50029C404 /* MainStoryboard.storyboard */ = {isa = PBXFileReference; fileEncoding = 4; lastKnownFileType = file.storyboard; path = MainStoryboard.storyboard; sourceTree = "<group>"; };
		319C592218A7DC6700126CD1 /* DRNavigationController.h */ = {isa = PBXFileReference; fileEncoding = 4; lastKnownFileType = sourcecode.c.h; path = DRNavigationController.h; sourceTree = "<group>"; };
		319C592318A7DC6700126CD1 /* DRNavigationController.m */ = {isa = PBXFileReference; fileEncoding = 4; lastKnownFileType = sourcecode.c.objc; path = DRNavigationController.m; sourceTree = "<group>"; };
		319C592A18A7DE1D00126CD1 /* DRFormViewController.h */ = {isa = PBXFileReference; fileEncoding = 4; lastKnownFileType = sourcecode.c.h; path = DRFormViewController.h; sourceTree = "<group>"; };
		319C592B18A7DE1D00126CD1 /* DRFormViewController.m */ = {isa = PBXFileReference; fileEncoding = 4; lastKnownFileType = sourcecode.c.objc; path = DRFormViewController.m; sourceTree = "<group>"; };
		319C592D18A7DF8F00126CD1 /* DRFormCell.h */ = {isa = PBXFileReference; fileEncoding = 4; lastKnownFileType = sourcecode.c.h; path = DRFormCell.h; sourceTree = "<group>"; };
		319C592E18A7DF8F00126CD1 /* DRFormCell.m */ = {isa = PBXFileReference; fileEncoding = 4; lastKnownFileType = sourcecode.c.objc; path = DRFormCell.m; sourceTree = "<group>"; };
		319C593018A7E0D000126CD1 /* DRFormSelectCell.h */ = {isa = PBXFileReference; fileEncoding = 4; lastKnownFileType = sourcecode.c.h; path = DRFormSelectCell.h; sourceTree = "<group>"; };
		319C593118A7E0D000126CD1 /* DRFormSelectCell.m */ = {isa = PBXFileReference; fileEncoding = 4; lastKnownFileType = sourcecode.c.objc; path = DRFormSelectCell.m; sourceTree = "<group>"; };
/* End PBXFileReference section */

/* Begin PBXFrameworksBuildPhase section */
		318BCFE918A7D8850029C404 /* Frameworks */ = {
			isa = PBXFrameworksBuildPhase;
			buildActionMask = 2147483647;
			files = (
				318BCFF218A7D8860029C404 /* CoreGraphics.framework in Frameworks */,
				318BCFF418A7D8860029C404 /* UIKit.framework in Frameworks */,
				318BCFF018A7D8850029C404 /* Foundation.framework in Frameworks */,
			);
			runOnlyForDeploymentPostprocessing = 0;
		};
/* End PBXFrameworksBuildPhase section */

/* Begin PBXGroup section */
		312F081918A7EACD002FE5DD /* Models */ = {
			isa = PBXGroup;
			children = (
				312F081C18A7EB0A002FE5DD /* DRFormDataModel.h */,
				312F081D18A7EB0A002FE5DD /* DRFormDataModel.m */,
			);
			path = Models;
			sourceTree = "<group>";
		};
		318BCFE318A7D8850029C404 = {
			isa = PBXGroup;
			children = (
				319C592618A7DD0C00126CD1 /* DRForms */,
				318BCFF518A7D8860029C404 /* DRFormsDemo */,
				318BCFEE18A7D8850029C404 /* Frameworks */,
				318BCFED18A7D8850029C404 /* Products */,
			);
			sourceTree = "<group>";
		};
		318BCFED18A7D8850029C404 /* Products */ = {
			isa = PBXGroup;
			children = (
				318BCFEC18A7D8850029C404 /* DRFormsDemo.app */,
			);
			name = Products;
			sourceTree = "<group>";
		};
		318BCFEE18A7D8850029C404 /* Frameworks */ = {
			isa = PBXGroup;
			children = (
				318BCFEF18A7D8850029C404 /* Foundation.framework */,
				318BCFF118A7D8860029C404 /* CoreGraphics.framework */,
				318BCFF318A7D8860029C404 /* UIKit.framework */,
				318BD00E18A7D8860029C404 /* XCTest.framework */,
			);
			name = Frameworks;
			sourceTree = "<group>";
		};
		318BCFF518A7D8860029C404 /* DRFormsDemo */ = {
			isa = PBXGroup;
			children = (
				318BCFFE18A7D8860029C404 /* DRAppDelegate.h */,
				318BCFFF18A7D8860029C404 /* DRAppDelegate.m */,
				312F081918A7EACD002FE5DD /* Models */,
				318BD02418A7D9490029C404 /* Resources */,
				318BD02518A7D9770029C404 /* Storyboards */,
				318BCFF618A7D8860029C404 /* Supporting Files */,
				318BD02818A7D9D20029C404 /* ViewControllers */,
			);
			path = DRFormsDemo;
			sourceTree = "<group>";
		};
		318BCFF618A7D8860029C404 /* Supporting Files */ = {
			isa = PBXGroup;
			children = (
				318BCFF718A7D8860029C404 /* DRFormsDemo-Info.plist */,
				318BCFF818A7D8860029C404 /* InfoPlist.strings */,
				318BCFFB18A7D8860029C404 /* main.m */,
				318BCFFD18A7D8860029C404 /* DRFormsDemo-Prefix.pch */,
			);
			path = "Supporting Files";
			sourceTree = "<group>";
		};
		318BD02418A7D9490029C404 /* Resources */ = {
			isa = PBXGroup;
			children = (
				318BD00718A7D8860029C404 /* Images.xcassets */,
			);
			path = Resources;
			sourceTree = "<group>";
		};
		318BD02518A7D9770029C404 /* Storyboards */ = {
			isa = PBXGroup;
			children = (
				318BD02618A7D9B50029C404 /* MainStoryboard.storyboard */,
			);
			path = Storyboards;
			sourceTree = "<group>";
		};
		318BD02818A7D9D20029C404 /* ViewControllers */ = {
			isa = PBXGroup;
			children = (
				312F081618A7E7F8002FE5DD /* DRFormsFirstViewController.h */,
				312F081718A7E7F8002FE5DD /* DRFormsFirstViewController.m */,
				312F082518A807A5002FE5DD /* DRFormsFruitsViewController.h */,
				312F082618A807A5002FE5DD /* DRFormsFruitsViewController.m */,
				319C592218A7DC6700126CD1 /* DRNavigationController.h */,
				319C592318A7DC6700126CD1 /* DRNavigationController.m */,
				318BD00418A7D8860029C404 /* DRViewController.h */,
				318BD00518A7D8860029C404 /* DRViewController.m */,
			);
			path = ViewControllers;
			sourceTree = "<group>";
		};
		319C592618A7DD0C00126CD1 /* DRForms */ = {
			isa = PBXGroup;
			children = (
				319C592D18A7DF8F00126CD1 /* DRFormCell.h */,
				319C592E18A7DF8F00126CD1 /* DRFormCell.m */,
				312F081F18A80197002FE5DD /* DRFormDetailCell.h */,
				312F082018A80197002FE5DD /* DRFormDetailCell.m */,
				319C593018A7E0D000126CD1 /* DRFormSelectCell.h */,
				319C593118A7E0D000126CD1 /* DRFormSelectCell.m */,
				3111301A18A83219000527AF /* DRFormTextCell.h */,
				3111301B18A83219000527AF /* DRFormTextCell.m */,
				319C592A18A7DE1D00126CD1 /* DRFormViewController.h */,
				319C592B18A7DE1D00126CD1 /* DRFormViewController.m */,
			);
			name = DRForms;
			path = ../DRForms;
			sourceTree = "<group>";
		};
/* End PBXGroup section */

/* Begin PBXNativeTarget section */
		318BCFEB18A7D8850029C404 /* DRFormsDemo */ = {
			isa = PBXNativeTarget;
			buildConfigurationList = 318BD01E18A7D8860029C404 /* Build configuration list for PBXNativeTarget "DRFormsDemo" */;
			buildPhases = (
				318BCFE818A7D8850029C404 /* Sources */,
				318BCFE918A7D8850029C404 /* Frameworks */,
				318BCFEA18A7D8850029C404 /* Resources */,
			);
			buildRules = (
			);
			dependencies = (
			);
			name = DRFormsDemo;
			productName = DRFormsDemo;
			productReference = 318BCFEC18A7D8850029C404 /* DRFormsDemo.app */;
			productType = "com.apple.product-type.application";
		};
/* End PBXNativeTarget section */

/* Begin PBXProject section */
		318BCFE418A7D8850029C404 /* Project object */ = {
			isa = PBXProject;
			attributes = {
				CLASSPREFIX = DR;
				LastUpgradeCheck = 0510;
				ORGANIZATIONNAME = Darrarski;
			};
			buildConfigurationList = 318BCFE718A7D8850029C404 /* Build configuration list for PBXProject "DRFormsDemo" */;
			compatibilityVersion = "Xcode 3.2";
			developmentRegion = English;
			hasScannedForEncodings = 0;
			knownRegions = (
				en,
				Base,
			);
			mainGroup = 318BCFE318A7D8850029C404;
			productRefGroup = 318BCFED18A7D8850029C404 /* Products */;
			projectDirPath = "";
			projectRoot = "";
			targets = (
				318BCFEB18A7D8850029C404 /* DRFormsDemo */,
			);
		};
/* End PBXProject section */

/* Begin PBXResourcesBuildPhase section */
		318BCFEA18A7D8850029C404 /* Resources */ = {
			isa = PBXResourcesBuildPhase;
			buildActionMask = 2147483647;
			files = (
				318BD02718A7D9B50029C404 /* MainStoryboard.storyboard in Resources */,
				318BD00818A7D8860029C404 /* Images.xcassets in Resources */,
				318BCFFA18A7D8860029C404 /* InfoPlist.strings in Resources */,
			);
			runOnlyForDeploymentPostprocessing = 0;
		};
/* End PBXResourcesBuildPhase section */

/* Begin PBXSourcesBuildPhase section */
		318BCFE818A7D8850029C404 /* Sources */ = {
			isa = PBXSourcesBuildPhase;
			buildActionMask = 2147483647;
			files = (
				319C592F18A7DF8F00126CD1 /* DRFormCell.m in Sources */,
				312F081E18A7EB0A002FE5DD /* DRFormDataModel.m in Sources */,
				318BD00018A7D8860029C404 /* DRAppDelegate.m in Sources */,
				319C592418A7DC6700126CD1 /* DRNavigationController.m in Sources */,
				312F082118A80197002FE5DD /* DRFormDetailCell.m in Sources */,
				312F081818A7E7F8002FE5DD /* DRFormsFirstViewController.m in Sources */,
				3111301C18A83219000527AF /* DRFormTextCell.m in Sources */,
				318BD00618A7D8860029C404 /* DRViewController.m in Sources */,
				312F082718A807A5002FE5DD /* DRFormsFruitsViewController.m in Sources */,
				319C592C18A7DE1D00126CD1 /* DRFormViewController.m in Sources */,
				318BCFFC18A7D8860029C404 /* main.m in Sources */,
				319C593218A7E0D000126CD1 /* DRFormSelectCell.m in Sources */,
			);
			runOnlyForDeploymentPostprocessing = 0;
		};
/* End PBXSourcesBuildPhase section */

/* Begin PBXVariantGroup section */
		318BCFF818A7D8860029C404 /* InfoPlist.strings */ = {
			isa = PBXVariantGroup;
			children = (
				318BCFF918A7D8860029C404 /* en */,
			);
			name = InfoPlist.strings;
			sourceTree = "<group>";
		};
/* End PBXVariantGroup section */

/* Begin XCBuildConfiguration section */
		318BD01C18A7D8860029C404 /* Debug */ = {
			isa = XCBuildConfiguration;
			buildSettings = {
				ALWAYS_SEARCH_USER_PATHS = NO;
				CLANG_CXX_LANGUAGE_STANDARD = "gnu++0x";
				CLANG_CXX_LIBRARY = "libc++";
				CLANG_ENABLE_MODULES = YES;
				CLANG_ENABLE_OBJC_ARC = YES;
				CLANG_WARN_BOOL_CONVERSION = YES;
				CLANG_WARN_CONSTANT_CONVERSION = YES;
				CLANG_WARN_DIRECT_OBJC_ISA_USAGE = YES_ERROR;
				CLANG_WARN_EMPTY_BODY = YES;
				CLANG_WARN_ENUM_CONVERSION = YES;
				CLANG_WARN_INT_CONVERSION = YES;
				CLANG_WARN_OBJC_ROOT_CLASS = YES_ERROR;
				CLANG_WARN__DUPLICATE_METHOD_MATCH = YES;
				"CODE_SIGN_IDENTITY[sdk=iphoneos*]" = "iPhone Developer";
				COPY_PHASE_STRIP = NO;
				GCC_C_LANGUAGE_STANDARD = gnu99;
				GCC_DYNAMIC_NO_PIC = NO;
				GCC_OPTIMIZATION_LEVEL = 0;
				GCC_PREPROCESSOR_DEFINITIONS = (
					"DEBUG=1",
					"$(inherited)",
				);
				GCC_SYMBOLS_PRIVATE_EXTERN = NO;
				GCC_WARN_64_TO_32_BIT_CONVERSION = YES;
				GCC_WARN_ABOUT_RETURN_TYPE = YES_ERROR;
				GCC_WARN_UNDECLARED_SELECTOR = YES;
				GCC_WARN_UNINITIALIZED_AUTOS = YES;
				GCC_WARN_UNUSED_FUNCTION = YES;
				GCC_WARN_UNUSED_VARIABLE = YES;
				IPHONEOS_DEPLOYMENT_TARGET = 7.0;
				ONLY_ACTIVE_ARCH = YES;
				SDKROOT = iphoneos;
			};
			name = Debug;
		};
		318BD01D18A7D8860029C404 /* Release */ = {
			isa = XCBuildConfiguration;
			buildSettings = {
				ALWAYS_SEARCH_USER_PATHS = NO;
				CLANG_CXX_LANGUAGE_STANDARD = "gnu++0x";
				CLANG_CXX_LIBRARY = "libc++";
				CLANG_ENABLE_MODULES = YES;
				CLANG_ENABLE_OBJC_ARC = YES;
				CLANG_WARN_BOOL_CONVERSION = YES;
				CLANG_WARN_CONSTANT_CONVERSION = YES;
				CLANG_WARN_DIRECT_OBJC_ISA_USAGE = YES_ERROR;
				CLANG_WARN_EMPTY_BODY = YES;
				CLANG_WARN_ENUM_CONVERSION = YES;
				CLANG_WARN_INT_CONVERSION = YES;
				CLANG_WARN_OBJC_ROOT_CLASS = YES_ERROR;
				CLANG_WARN__DUPLICATE_METHOD_MATCH = YES;
				"CODE_SIGN_IDENTITY[sdk=iphoneos*]" = "iPhone Developer";
				COPY_PHASE_STRIP = YES;
				ENABLE_NS_ASSERTIONS = NO;
				GCC_C_LANGUAGE_STANDARD = gnu99;
				GCC_WARN_64_TO_32_BIT_CONVERSION = YES;
				GCC_WARN_ABOUT_RETURN_TYPE = YES_ERROR;
				GCC_WARN_UNDECLARED_SELECTOR = YES;
				GCC_WARN_UNINITIALIZED_AUTOS = YES;
				GCC_WARN_UNUSED_FUNCTION = YES;
				GCC_WARN_UNUSED_VARIABLE = YES;
				IPHONEOS_DEPLOYMENT_TARGET = 7.0;
				SDKROOT = iphoneos;
				VALIDATE_PRODUCT = YES;
			};
			name = Release;
		};
		318BD01F18A7D8860029C404 /* Debug */ = {
			isa = XCBuildConfiguration;
			buildSettings = {
				ASSETCATALOG_COMPILER_APPICON_NAME = AppIcon;
				ASSETCATALOG_COMPILER_LAUNCHIMAGE_NAME = LaunchImage;
				GCC_PRECOMPILE_PREFIX_HEADER = YES;
				GCC_PREFIX_HEADER = "DRFormsDemo/Supporting Files/DRFormsDemo-Prefix.pch";
				INFOPLIST_FILE = "DRFormsDemo/Supporting Files/DRFormsDemo-Info.plist";
				PRODUCT_NAME = "$(TARGET_NAME)";
				WRAPPER_EXTENSION = app;
			};
			name = Debug;
		};
		318BD02018A7D8860029C404 /* Release */ = {
			isa = XCBuildConfiguration;
			buildSettings = {
				ASSETCATALOG_COMPILER_APPICON_NAME = AppIcon;
				ASSETCATALOG_COMPILER_LAUNCHIMAGE_NAME = LaunchImage;
				GCC_PRECOMPILE_PREFIX_HEADER = YES;
				GCC_PREFIX_HEADER = "DRFormsDemo/Supporting Files/DRFormsDemo-Prefix.pch";
				INFOPLIST_FILE = "DRFormsDemo/Supporting Files/DRFormsDemo-Info.plist";
				PRODUCT_NAME = "$(TARGET_NAME)";
				WRAPPER_EXTENSION = app;
			};
			name = Release;
		};
/* End XCBuildConfiguration section */

/* Begin XCConfigurationList section */
		318BCFE718A7D8850029C404 /* Build configuration list for PBXProject "DRFormsDemo" */ = {
			isa = XCConfigurationList;
			buildConfigurations = (
				318BD01C18A7D8860029C404 /* Debug */,
				318BD01D18A7D8860029C404 /* Release */,
			);
			defaultConfigurationIsVisible = 0;
			defaultConfigurationName = Release;
		};
		318BD01E18A7D8860029C404 /* Build configuration list for PBXNativeTarget "DRFormsDemo" */ = {
			isa = XCConfigurationList;
			buildConfigurations = (
				318BD01F18A7D8860029C404 /* Debug */,
				318BD02018A7D8860029C404 /* Release */,
			);
			defaultConfigurationIsVisible = 0;
			defaultConfigurationName = Release;
		};
/* End XCConfigurationList section */
	};
	rootObject = 318BCFE418A7D8850029C404 /* Project object */;
}
